
Microsoft Visual Studio Solution File, Format Version 12.00
# Visual Studio Version 17
VisualStudioVersion = 17.0.31919.166
MinimumVisualStudioVersion = 10.0.40219.1
Project("{FAE04EC0-301F-11D3-BF4B-00C04F79EFBC}") = "December2021", "December2021\December2021.csproj", "{9F8164CE-C6DC-4B73-8335-967694D8415D}"
EndProject
Global
	GlobalSection(SolutionConfigurationPlatforms) = preSolution
		Debug|Any CPU = Debug|Any CPU
		Release|Any CPU = Release|Any CPU
	EndGlobalSection
	GlobalSection(ProjectConfigurationPlatforms) = postSolution
		{9F8164CE-C6DC-4B73-8335-967694D8415D}.Debug|Any CPU.ActiveCfg = Debug|Any CPU
		{9F8164CE-C6DC-4B73-8335-967694D8415D}.Debug|Any CPU.Build.0 = Debug|Any CPU
		{9F8164CE-C6DC-4B73-8335-967694D8415D}.Release|Any CPU.ActiveCfg = Release|Any CPU
		{9F8164CE-C6DC-4B73-8335-967694D8415D}.Release|Any CPU.Build.0 = Release|Any CPU
	EndGlobalSection
	GlobalSection(SolutionProperties) = preSolution
		HideSolutionNode = FALSE
	EndGlobalSection
	GlobalSection(ExtensibilityGlobals) = postSolution
		SolutionGuid = {859185B1-EA38-471C-AF51-F1D94DB0341C}
	EndGlobalSection
EndGlobal
